github.com/Masterminds/semver/v3 v3.2.1 h1:RN9w6+7QoMeJVGyfmbcgs28Br8cvmnucEXnY0rYXWg0=
github.com/Masterminds/semver/v3 v3.2.1/go.mod h1:qvl/7zhW3nngYb5+80sSMF+FG2BjYrf8m9wsX0PNOMQ=
github.com/aws/constructs-go/constructs/v10 v10.3.0 h1:LsjBIMiaDX/vqrXWhzTquBJ9pPdi02/H+z1DCwg0PEM=
github.com/aws/constructs-go/constructs/v10 v10.3.0/go.mod h1:GgzwIwoRJ2UYsr3SU+JhAl+gq5j39bEMYf8ev3J+s9s=
github.com/aws/jsii-runtime-go v1.90.0 h1:Kbw+bAy1etfyYSpNu09a12N9taT+/NxRDnfvgtmCGI8=
github.com/aws/jsii-runtime-go v1.90.0/go.mod h1:xLBI2fKjWK68+eqqmvkv4HL1f4YUPLiAi5BT3wNUD74=
github.com/aws/jsii-runtime-go v1.98.0 h1:ulW8WgW9xchCkGc8SBKSQwpm+4/MwoFkYuCsOD8NnMU=
github.com/aws/jsii-runtime-go v1.98.0/go.mod h1:30XYoqvHizeedL8KNra3DBZ9w+NtJDQpbU4o1bN9lVc=
github.com/cdk8s-team/cdk8s-core-go/cdk8s/v2 v2.68.69 h1:0bObZxM2+wqXDE8AHNl2UgnNzFk37QagQFxMvVALk9c=
github.com/cdk8s-team/cdk8s-core-go/cdk8s/v2 v2.68.69/go.mod h1:Pkx19GlJctsR6wchtjV81yKCwdj4K/i+5dRKt6i4HTw=
